
Microsoft Visual Studio Solution File, Format Version 12.00
# Visual Studio Version 17
VisualStudioVersion = 17.4.33213.308
MinimumVisualStudioVersion = 10.0.40219.1
Project("{FAE04EC0-301F-11D3-BF4B-00C04F79EFBC}") = "Week2", "Week2\Week2.csproj", "{950E29AA-12A9-45EB-A13B-0BD4FB2653E5}"
EndProject
Project("{FAE04EC0-301F-11D3-BF4B-00C04F79EFBC}") = "UserGenderValidation", "UserAgeValidation\UserGenderValidation.csproj", "{1E75BBF0-52CC-425A-AF9E-369567A22403}"
EndProject
Project("{FAE04EC0-301F-11D3-BF4B-00C04F79EFBC}") = "UserAgeValidation1", "UserAgeValidation1\UserAgeValidation1.csproj", "{D7F87047-3588-4BC8-90E5-D3393AD41286}"
EndProject
Global
	GlobalSection(SolutionConfigurationPlatforms) = preSolution
		Debug|Any CPU = Debug|Any CPU
		Release|Any CPU = Release|Any CPU
	EndGlobalSection
	GlobalSection(ProjectConfigurationPlatforms) = postSolution
		{950E29AA-12A9-45EB-A13B-0BD4FB2653E5}.Debug|Any CPU.ActiveCfg = Debug|Any CPU
		{950E29AA-12A9-45EB-A13B-0BD4FB2653E5}.Debug|Any CPU.Build.0 = Debug|Any CPU
		{950E29AA-12A9-45EB-A13B-0BD4FB2653E5}.Release|Any CPU.ActiveCfg = Release|Any CPU
		{950E29AA-12A9-45EB-A13B-0BD4FB2653E5}.Release|Any CPU.Build.0 = Release|Any CPU
		{1E75BBF0-52CC-425A-AF9E-369567A22403}.Debug|Any CPU.ActiveCfg = Debug|Any CPU
		{1E75BBF0-52CC-425A-AF9E-369567A22403}.Debug|Any CPU.Build.0 = Debug|Any CPU
		{1E75BBF0-52CC-425A-AF9E-369567A22403}.Release|Any CPU.ActiveCfg = Release|Any CPU
		{1E75BBF0-52CC-425A-AF9E-369567A22403}.Release|Any CPU.Build.0 = Release|Any CPU
		{D7F87047-3588-4BC8-90E5-D3393AD41286}.Debug|Any CPU.ActiveCfg = Debug|Any CPU
		{D7F87047-3588-4BC8-90E5-D3393AD41286}.Debug|Any CPU.Build.0 = Debug|Any CPU
		{D7F87047-3588-4BC8-90E5-D3393AD41286}.Release|Any CPU.ActiveCfg = Release|Any CPU
		{D7F87047-3588-4BC8-90E5-D3393AD41286}.Release|Any CPU.Build.0 = Release|Any CPU
	EndGlobalSection
	GlobalSection(SolutionProperties) = preSolution
		HideSolutionNode = FALSE
	EndGlobalSection
	GlobalSection(ExtensibilityGlobals) = postSolution
		SolutionGuid = {0FEC76EA-BAEB-4943-A131-30F4219253B1}
	EndGlobalSection
EndGlobal
